{
  "name": "nodejs-bot",
  "version": "1.0.0",
  "lockfileVersion": 3,
  "requires": true,
  "packages": {
    "": {
      "name": "nodejs-bot",
      "version": "1.0.0",
      "dependencies": {
        "axios": "^1.7.9",
        "dotenv": "^16.0.3",
        "ffmpeg-static": "^5.2.0",
        "node-telegram-bot-api": "^0.66.0",
        "youtube-search-api": "^1.2.2",
        "yt-dlp-exec": "^1.0.2",
        "ytdl-core": "^4.11.5",
        "array.prototype.findindex": "^2.2.0"
      },
      "devDependencies": {
        "nodemon": "^3.0.0"
      }
    },
    "node_modules/axios": {
      "version": "1.7.9",
      "resolved": "https://registry.npmjs.org/axios/-/axios-1.7.9.tgz",
      "integrity": "sha512-XXXXX"
    },
    "node_modules/dotenv": {
      "version": "16.0.3",
      "resolved": "https://registry.npmjs.org/dotenv/-/dotenv-16.0.3.tgz",
      "integrity": "sha512-XXXXX"
    },
    "node_modules/ffmpeg-static": {
      "version": "5.2.0",
      "resolved": "https://registry.npmjs.org/ffmpeg-static/-/ffmpeg-static-5.2.0.tgz",
      "integrity": "sha512-XXXXX"
    },
    "node_modules/node-telegram-bot-api": {
      "version": "0.66.0",
      "resolved": "https://registry.npmjs.org/node-telegram-bot-api/-/node-telegram-bot-api-0.66.0.tgz",
      "integrity": "sha512-XXXXX"
    },
    "node_modules/youtube-search-api": {
      "version": "1.2.2",
      "resolved": "https://registry.npmjs.org/youtube-search-api/-/youtube-search-api-1.2.2.tgz",
      "integrity": "sha512-XXXXX"
    },
    "node_modules/yt-dlp-exec": {
      "version": "1.0.2",
      "resolved": "https://registry.npmjs.org/yt-dlp-exec/-/yt-dlp-exec-1.0.2.tgz",
      "integrity": "sha512-XXXXX"
    },
    "node_modules/ytdl-core": {
      "version": "4.11.5",
      "resolved": "https://registry.npmjs.org/ytdl-core/-/ytdl-core-4.11.5.tgz",
      "integrity": "sha512-XXXXX"
    },
    "node_modules/array.prototype.findindex": {
      "version": "2.2.0",
      "resolved": "https://registry.npmjs.org/array.prototype.findindex/-/array.prototype.findindex-2.2.0.tgz",
      "integrity": "sha512-XXXXX"
    },
    "node_modules/nodemon": {
      "version": "3.0.0",
      "resolved": "https://registry.npmjs.org/nodemon/-/nodemon-3.0.0.tgz",
      "integrity": "sha512-XXXXX",
      "dev": true
    }
  }
}
